// !$*UTF8*$!
{
	archiveVersion = 1;
	classes = {
	};
	objectVersion = 55;
	objects = {

/* Begin PBXBuildFile section */
		D116C9002809ED9B00BF5B4C /* AppDelegate.swift in Sources */ = {isa = PBXBuildFile; fileRef = D116C8FF2809ED9B00BF5B4C /* AppDelegate.swift */; };
		D116C9022809ED9B00BF5B4C /* SceneDelegate.swift in Sources */ = {isa = PBXBuildFile; fileRef = D116C9012809ED9B00BF5B4C /* SceneDelegate.swift */; };
		D116C9042809ED9B00BF5B4C /* ViewController.swift in Sources */ = {isa = PBXBuildFile; fileRef = D116C9032809ED9B00BF5B4C /* ViewController.swift */; };
		D116C9072809ED9B00BF5B4C /* Main.storyboard in Resources */ = {isa = PBXBuildFile; fileRef = D116C9052809ED9B00BF5B4C /* Main.storyboard */; };
		D116C9092809ED9D00BF5B4C /* Assets.xcassets in Resources */ = {isa = PBXBuildFile; fileRef = D116C9082809ED9D00BF5B4C /* Assets.xcassets */; };
		D116C90C2809ED9D00BF5B4C /* LaunchScreen.storyboard in Resources */ = {isa = PBXBuildFile; fileRef = D116C90A2809ED9D00BF5B4C /* LaunchScreen.storyboard */; };
		D1B2FDDF280A136500D29DBD /* MovieResponse.swift in Sources */ = {isa = PBXBuildFile; fileRef = D1B2FDDE280A136500D29DBD /* MovieResponse.swift */; };
		D1B2FDE2280A180000D29DBD /* NetworkService.swift in Sources */ = {isa = PBXBuildFile; fileRef = D1B2FDE1280A180000D29DBD /* NetworkService.swift */; };
		D1FC1592280A402900120F19 /* MovieRatingResponse.swift in Sources */ = {isa = PBXBuildFile; fileRef = D1FC1591280A402900120F19 /* MovieRatingResponse.swift */; };
		D1FC1594280AEEE300120F19 /* NetworkDataFetcher.swift in Sources */ = {isa = PBXBuildFile; fileRef = D1FC1593280AEEE300120F19 /* NetworkDataFetcher.swift */; };
		D1FC1598280B284600120F19 /* ImageCell.swift in Sources */ = {isa = PBXBuildFile; fileRef = D1FC1597280B284600120F19 /* ImageCell.swift */; };
		D1FC159B280C2A2E00120F19 /* MovieCardViewController.swift in Sources */ = {isa = PBXBuildFile; fileRef = D1FC159A280C2A2E00120F19 /* MovieCardViewController.swift */; };
/* End PBXBuildFile section */

/* Begin PBXFileReference section */
		D116C8FC2809ED9B00BF5B4C /* Movie Rates.app */ = {isa = PBXFileReference; explicitFileType = wrapper.application; includeInIndex = 0; path = "Movie Rates.app"; sourceTree = BUILT_PRODUCTS_DIR; };
		D116C8FF2809ED9B00BF5B4C /* AppDelegate.swift */ = {isa = PBXFileReference; lastKnownFileType = sourcecode.swift; path = AppDelegate.swift; sourceTree = "<group>"; };
		D116C9012809ED9B00BF5B4C /* SceneDelegate.swift */ = {isa = PBXFileReference; lastKnownFileType = sourcecode.swift; path = SceneDelegate.swift; sourceTree = "<group>"; };
		D116C9032809ED9B00BF5B4C /* ViewController.swift */ = {isa = PBXFileReference; lastKnownFileType = sourcecode.swift; path = ViewController.swift; sourceTree = "<group>"; };
		D116C9062809ED9B00BF5B4C /* Base */ = {isa = PBXFileReference; lastKnownFileType = file.storyboard; name = Base; path = Base.lproj/Main.storyboard; sourceTree = "<group>"; };
		D116C9082809ED9D00BF5B4C /* Assets.xcassets */ = {isa = PBXFileReference; lastKnownFileType = folder.assetcatalog; path = Assets.xcassets; sourceTree = "<group>"; };
		D116C90B2809ED9D00BF5B4C /* Base */ = {isa = PBXFileReference; lastKnownFileType = file.storyboard; name = Base; path = Base.lproj/LaunchScreen.storyboard; sourceTree = "<group>"; };
		D116C90D2809ED9D00BF5B4C /* Info.plist */ = {isa = PBXFileReference; lastKnownFileType = text.plist.xml; path = Info.plist; sourceTree = "<group>"; };
		D1B2FDDE280A136500D29DBD /* MovieResponse.swift */ = {isa = PBXFileReference; lastKnownFileType = sourcecode.swift; path = MovieResponse.swift; sourceTree = "<group>"; };
		D1B2FDE1280A180000D29DBD /* NetworkService.swift */ = {isa = PBXFileReference; lastKnownFileType = sourcecode.swift; path = NetworkService.swift; sourceTree = "<group>"; };
		D1FC1591280A402900120F19 /* MovieRatingResponse.swift */ = {isa = PBXFileReference; lastKnownFileType = sourcecode.swift; path = MovieRatingResponse.swift; sourceTree = "<group>"; };
		D1FC1593280AEEE300120F19 /* NetworkDataFetcher.swift */ = {isa = PBXFileReference; lastKnownFileType = sourcecode.swift; path = NetworkDataFetcher.swift; sourceTree = "<group>"; };
		D1FC1597280B284600120F19 /* ImageCell.swift */ = {isa = PBXFileReference; lastKnownFileType = sourcecode.swift; path = ImageCell.swift; sourceTree = "<group>"; };
		D1FC159A280C2A2E00120F19 /* MovieCardViewController.swift */ = {isa = PBXFileReference; lastKnownFileType = sourcecode.swift; path = MovieCardViewController.swift; sourceTree = "<group>"; };
/* End PBXFileReference section */

/* Begin PBXFrameworksBuildPhase section */
		D116C8F92809ED9B00BF5B4C /* Frameworks */ = {
			isa = PBXFrameworksBuildPhase;
			buildActionMask = 2147483647;
			files = (
			);
			runOnlyForDeploymentPostprocessing = 0;
		};
/* End PBXFrameworksBuildPhase section */

/* Begin PBXGroup section */
		D116C8F32809ED9B00BF5B4C = {
			isa = PBXGroup;
			children = (
				D116C8FE2809ED9B00BF5B4C /* Movie Rates */,
				D116C8FD2809ED9B00BF5B4C /* Products */,
			);
			sourceTree = "<group>";
		};
		D116C8FD2809ED9B00BF5B4C /* Products */ = {
			isa = PBXGroup;
			children = (
				D116C8FC2809ED9B00BF5B4C /* Movie Rates.app */,
			);
			name = Products;
			sourceTree = "<group>";
		};
		D116C8FE2809ED9B00BF5B4C /* Movie Rates */ = {
			isa = PBXGroup;
			children = (
				D1FC1599280C29C800120F19 /* Controllers */,
				D1B2FDE3280A180900D29DBD /* Network */,
				D1B2FDE0280A176B00D29DBD /* Model */,
				D1FC1597280B284600120F19 /* ImageCell.swift */,
				D116C8FF2809ED9B00BF5B4C /* AppDelegate.swift */,
				D116C9012809ED9B00BF5B4C /* SceneDelegate.swift */,
				D116C9052809ED9B00BF5B4C /* Main.storyboard */,
				D116C9082809ED9D00BF5B4C /* Assets.xcassets */,
				D116C90A2809ED9D00BF5B4C /* LaunchScreen.storyboard */,
				D116C90D2809ED9D00BF5B4C /* Info.plist */,
			);
			path = "Movie Rates";
			sourceTree = "<group>";
		};
		D1B2FDE0280A176B00D29DBD /* Model */ = {
			isa = PBXGroup;
			children = (
				D1B2FDDE280A136500D29DBD /* MovieResponse.swift */,
				D1FC1591280A402900120F19 /* MovieRatingResponse.swift */,
			);
			path = Model;
			sourceTree = "<group>";
		};
		D1B2FDE3280A180900D29DBD /* Network */ = {
			isa = PBXGroup;
			children = (
				D1B2FDE1280A180000D29DBD /* NetworkService.swift */,
				D1FC1593280AEEE300120F19 /* NetworkDataFetcher.swift */,
			);
			path = Network;
			sourceTree = "<group>";
		};
		D1FC1599280C29C800120F19 /* Controllers */ = {
			isa = PBXGroup;
			children = (
				D116C9032809ED9B00BF5B4C /* ViewController.swift */,
				D1FC159A280C2A2E00120F19 /* MovieCardViewController.swift */,
			);
			path = Controllers;
			sourceTree = "<group>";
		};
/* End PBXGroup section */

/* Begin PBXNativeTarget section */
		D116C8FB2809ED9B00BF5B4C /* Movie Rates */ = {
			isa = PBXNativeTarget;
			buildConfigurationList = D116C9102809ED9D00BF5B4C /* Build configuration list for PBXNativeTarget "Movie Rates" */;
			buildPhases = (
				D116C8F82809ED9B00BF5B4C /* Sources */,
				D116C8F92809ED9B00BF5B4C /* Frameworks */,
				D116C8FA2809ED9B00BF5B4C /* Resources */,
			);
			buildRules = (
			);
			dependencies = (
			);
			name = "Movie Rates";
			productName = "Movie Rates";
			productReference = D116C8FC2809ED9B00BF5B4C /* Movie Rates.app */;
			productType = "com.apple.product-type.application";
		};
/* End PBXNativeTarget section */

/* Begin PBXProject section */
		D116C8F42809ED9B00BF5B4C /* Project object */ = {
			isa = PBXProject;
			attributes = {
				BuildIndependentTargetsInParallel = 1;
				LastSwiftUpdateCheck = 1330;
				LastUpgradeCheck = 1330;
				TargetAttributes = {
					D116C8FB2809ED9B00BF5B4C = {
						CreatedOnToolsVersion = 13.3;
					};
				};
			};
			buildConfigurationList = D116C8F72809ED9B00BF5B4C /* Build configuration list for PBXProject "Movie Rates" */;
			compatibilityVersion = "Xcode 13.0";
			developmentRegion = en;
			hasScannedForEncodings = 0;
			knownRegions = (
				en,
				Base,
			);
			mainGroup = D116C8F32809ED9B00BF5B4C;
			productRefGroup = D116C8FD2809ED9B00BF5B4C /* Products */;
			projectDirPath = "";
			projectRoot = "";
			targets = (
				D116C8FB2809ED9B00BF5B4C /* Movie Rates */,
			);
		};
/* End PBXProject section */

/* Begin PBXResourcesBuildPhase section */
		D116C8FA2809ED9B00BF5B4C /* Resources */ = {
			isa = PBXResourcesBuildPhase;
			buildActionMask = 2147483647;
			files = (
				D116C90C2809ED9D00BF5B4C /* LaunchScreen.storyboard in Resources */,
				D116C9092809ED9D00BF5B4C /* Assets.xcassets in Resources */,
				D116C9072809ED9B00BF5B4C /* Main.storyboard in Resources */,
			);
			runOnlyForDeploymentPostprocessing = 0;
		};
/* End PBXResourcesBuildPhase section */

/* Begin PBXSourcesBuildPhase section */
		D116C8F82809ED9B00BF5B4C /* Sources */ = {
			isa = PBXSourcesBuildPhase;
			buildActionMask = 2147483647;
			files = (
				D1FC1594280AEEE300120F19 /* NetworkDataFetcher.swift in Sources */,
				D1FC1592280A402900120F19 /* MovieRatingResponse.swift in Sources */,
				D1B2FDE2280A180000D29DBD /* NetworkService.swift in Sources */,
				D116C9042809ED9B00BF5B4C /* ViewController.swift in Sources */,
				D1B2FDDF280A136500D29DBD /* MovieResponse.swift in Sources */,
				D1FC159B280C2A2E00120F19 /* MovieCardViewController.swift in Sources */,
				D1FC1598280B284600120F19 /* ImageCell.swift in Sources */,
				D116C9002809ED9B00BF5B4C /* AppDelegate.swift in Sources */,
				D116C9022809ED9B00BF5B4C /* SceneDelegate.swift in Sources */,
			);
			runOnlyForDeploymentPostprocessing = 0;
		};
/* End PBXSourcesBuildPhase section */

/* Begin PBXVariantGroup section */
		D116C9052809ED9B00BF5B4C /* Main.storyboard */ = {
			isa = PBXVariantGroup;
			children = (
				D116C9062809ED9B00BF5B4C /* Base */,
			);
			name = Main.storyboard;
			sourceTree = "<group>";
		};
		D116C90A2809ED9D00BF5B4C /* LaunchScreen.storyboard */ = {
			isa = PBXVariantGroup;
			children = (
				D116C90B2809ED9D00BF5B4C /* Base */,
			);
			name = LaunchScreen.storyboard;
			sourceTree = "<group>";
		};
/* End PBXVariantGroup section */

/* Begin XCBuildConfiguration section */
		D116C90E2809ED9D00BF5B4C /* Debug */ = {
			isa = XCBuildConfiguration;
			buildSettings = {
				ALWAYS_SEARCH_USER_PATHS = NO;
				CLANG_ANALYZER_NONNULL = YES;
				CLANG_ANALYZER_NUMBER_OBJECT_CONVERSION = YES_AGGRESSIVE;
				CLANG_CXX_LANGUAGE_STANDARD = "gnu++17";
				CLANG_ENABLE_MODULES = YES;
				CLANG_ENABLE_OBJC_ARC = YES;
				CLANG_ENABLE_OBJC_WEAK = YES;
				CLANG_WARN_BLOCK_CAPTURE_AUTORELEASING = YES;
				CLANG_WARN_BOOL_CONVERSION = YES;
				CLANG_WARN_COMMA = YES;
				CLANG_WARN_CONSTANT_CONVERSION = YES;
				CLANG_WARN_DEPRECATED_OBJC_IMPLEMENTATIONS = YES;
				CLANG_WARN_DIRECT_OBJC_ISA_USAGE = YES_ERROR;
				CLANG_WARN_DOCUMENTATION_COMMENTS = YES;
				CLANG_WARN_EMPTY_BODY = YES;
				CLANG_WARN_ENUM_CONVERSION = YES;
				CLANG_WARN_INFINITE_RECURSION = YES;
				CLANG_WARN_INT_CONVERSION = YES;
				CLANG_WARN_NON_LITERAL_NULL_CONVERSION = YES;
				CLANG_WARN_OBJC_IMPLICIT_RETAIN_SELF = YES;
				CLANG_WARN_OBJC_LITERAL_CONVERSION = YES;
				CLANG_WARN_OBJC_ROOT_CLASS = YES_ERROR;
				CLANG_WARN_QUOTED_INCLUDE_IN_FRAMEWORK_HEADER = YES;
				CLANG_WARN_RANGE_LOOP_ANALYSIS = YES;
				CLANG_WARN_STRICT_PROTOTYPES = YES;
				CLANG_WARN_SUSPICIOUS_MOVE = YES;
				CLANG_WARN_UNGUARDED_AVAILABILITY = YES_AGGRESSIVE;
				CLANG_WARN_UNREACHABLE_CODE = YES;
				CLANG_WARN__DUPLICATE_METHOD_MATCH = YES;
				COPY_PHASE_STRIP = NO;
				DEBUG_INFORMATION_FORMAT = dwarf;
				ENABLE_STRICT_OBJC_MSGSEND = YES;
				ENABLE_TESTABILITY = YES;
				GCC_C_LANGUAGE_STANDARD = gnu11;
				GCC_DYNAMIC_NO_PIC = NO;
				GCC_NO_COMMON_BLOCKS = YES;
				GCC_OPTIMIZATION_LEVEL = 0;
				GCC_PREPROCESSOR_DEFINITIONS = (
					"DEBUG=1",
					"$(inherited)",
				);
				GCC_WARN_64_TO_32_BIT_CONVERSION = YES;
				GCC_WARN_ABOUT_RETURN_TYPE = YES_ERROR;
				GCC_WARN_UNDECLARED_SELECTOR = YES;
				GCC_WARN_UNINITIALIZED_AUTOS = YES_AGGRESSIVE;
				GCC_WARN_UNUSED_FUNCTION = YES;
				GCC_WARN_UNUSED_VARIABLE = YES;
				IPHONEOS_DEPLOYMENT_TARGET = 15.4;
				MTL_ENABLE_DEBUG_INFO = INCLUDE_SOURCE;
				MTL_FAST_MATH = YES;
				ONLY_ACTIVE_ARCH = YES;
				SDKROOT = iphoneos;
				SWIFT_ACTIVE_COMPILATION_CONDITIONS = DEBUG;
				SWIFT_OPTIMIZATION_LEVEL = "-Onone";
			};
			name = Debug;
		};
		D116C90F2809ED9D00BF5B4C /* Release */ = {
			isa = XCBuildConfiguration;
			buildSettings = {
				ALWAYS_SEARCH_USER_PATHS = NO;
				CLANG_ANALYZER_NONNULL = YES;
				CLANG_ANALYZER_NUMBER_OBJECT_CONVERSION = YES_AGGRESSIVE;
				CLANG_CXX_LANGUAGE_STANDARD = "gnu++17";
				CLANG_ENABLE_MODULES = YES;
				CLANG_ENABLE_OBJC_ARC = YES;
				CLANG_ENABLE_OBJC_WEAK = YES;
				CLANG_WARN_BLOCK_CAPTURE_AUTORELEASING = YES;
				CLANG_WARN_BOOL_CONVERSION = YES;
				CLANG_WARN_COMMA = YES;
				CLANG_WARN_CONSTANT_CONVERSION = YES;
				CLANG_WARN_DEPRECATED_OBJC_IMPLEMENTATIONS = YES;
				CLANG_WARN_DIRECT_OBJC_ISA_USAGE = YES_ERROR;
				CLANG_WARN_DOCUMENTATION_COMMENTS = YES;
				CLANG_WARN_EMPTY_BODY = YES;
				CLANG_WARN_ENUM_CONVERSION = YES;
				CLANG_WARN_INFINITE_RECURSION = YES;
				CLANG_WARN_INT_CONVERSION = YES;
				CLANG_WARN_NON_LITERAL_NULL_CONVERSION = YES;
				CLANG_WARN_OBJC_IMPLICIT_RETAIN_SELF = YES;
				CLANG_WARN_OBJC_LITERAL_CONVERSION = YES;
				CLANG_WARN_OBJC_ROOT_CLASS = YES_ERROR;
				CLANG_WARN_QUOTED_INCLUDE_IN_FRAMEWORK_HEADER = YES;
				CLANG_WARN_RANGE_LOOP_ANALYSIS = YES;
				CLANG_WARN_STRICT_PROTOTYPES = YES;
				CLANG_WARN_SUSPICIOUS_MOVE = YES;
				CLANG_WARN_UNGUARDED_AVAILABILITY = YES_AGGRESSIVE;
				CLANG_WARN_UNREACHABLE_CODE = YES;
				CLANG_WARN__DUPLICATE_METHOD_MATCH = YES;
				COPY_PHASE_STRIP = NO;
				DEBUG_INFORMATION_FORMAT = "dwarf-with-dsym";
				ENABLE_NS_ASSERTIONS = NO;
				ENABLE_STRICT_OBJC_MSGSEND = YES;
				GCC_C_LANGUAGE_STANDARD = gnu11;
				GCC_NO_COMMON_BLOCKS = YES;
				GCC_WARN_64_TO_32_BIT_CONVERSION = YES;
				GCC_WARN_ABOUT_RETURN_TYPE = YES_ERROR;
				GCC_WARN_UNDECLARED_SELECTOR = YES;
				GCC_WARN_UNINITIALIZED_AUTOS = YES_AGGRESSIVE;
				GCC_WARN_UNUSED_FUNCTION = YES;
				GCC_WARN_UNUSED_VARIABLE = YES;
				IPHONEOS_DEPLOYMENT_TARGET = 15.4;
				MTL_ENABLE_DEBUG_INFO = NO;
				MTL_FAST_MATH = YES;
				SDKROOT = iphoneos;
				SWIFT_COMPILATION_MODE = wholemodule;
				SWIFT_OPTIMIZATION_LEVEL = "-O";
				VALIDATE_PRODUCT = YES;
			};
			name = Release;
		};
		D116C9112809ED9D00BF5B4C /* Debug */ = {
			isa = XCBuildConfiguration;
			buildSettings = {
				ASSETCATALOG_COMPILER_APPICON_NAME = AppIcon;
				ASSETCATALOG_COMPILER_GLOBAL_ACCENT_COLOR_NAME = AccentColor;
				CODE_SIGN_STYLE = Automatic;
				CURRENT_PROJECT_VERSION = 1;
				DEVELOPMENT_TEAM = 2R3SDV5V8D;
				GENERATE_INFOPLIST_FILE = YES;
				INFOPLIST_FILE = "Movie Rates/Info.plist";
				INFOPLIST_KEY_CFBundleDisplayName = "Movie Rates";
				INFOPLIST_KEY_UIApplicationSupportsIndirectInputEvents = YES;
				INFOPLIST_KEY_UILaunchStoryboardName = LaunchScreen;
				INFOPLIST_KEY_UIMainStoryboardFile = Main;
				INFOPLIST_KEY_UISupportedInterfaceOrientations = UIInterfaceOrientationPortrait;
				INFOPLIST_KEY_UISupportedInterfaceOrientations_iPad = "UIInterfaceOrientationPortrait UIInterfaceOrientationPortraitUpsideDown UIInterfaceOrientationLandscapeLeft UIInterfaceOrientationLandscapeRight";
				INFOPLIST_KEY_UISupportedInterfaceOrientations_iPhone = "UIInterfaceOrientationPortrait UIInterfaceOrientationLandscapeLeft UIInterfaceOrientationLandscapeRight";
				IPHONEOS_DEPLOYMENT_TARGET = 15.0;
				LD_RUNPATH_SEARCH_PATHS = (
					"$(inherited)",
					"@executable_path/Frameworks",
				);
				MARKETING_VERSION = 1.0;
				PRODUCT_BUNDLE_IDENTIFIER = nb.MovieRates;
				PRODUCT_NAME = "$(TARGET_NAME)";
				SWIFT_EMIT_LOC_STRINGS = YES;
				SWIFT_VERSION = 5.0;
				TARGETED_DEVICE_FAMILY = 1;
			};
			name = Debug;
		};
		D116C9122809ED9D00BF5B4C /* Release */ = {
			isa = XCBuildConfiguration;
			buildSettings = {
				ASSETCATALOG_COMPILER_APPICON_NAME = AppIcon;
				ASSETCATALOG_COMPILER_GLOBAL_ACCENT_COLOR_NAME = AccentColor;
				CODE_SIGN_STYLE = Automatic;
				CURRENT_PROJECT_VERSION = 1;
				DEVELOPMENT_TEAM = 2R3SDV5V8D;
				GENERATE_INFOPLIST_FILE = YES;
				INFOPLIST_FILE = "Movie Rates/Info.plist";
				INFOPLIST_KEY_CFBundleDisplayName = "Movie Rates";
				INFOPLIST_KEY_UIApplicationSupportsIndirectInputEvents = YES;
				INFOPLIST_KEY_UILaunchStoryboardName = LaunchScreen;
				INFOPLIST_KEY_UIMainStoryboardFile = Main;
				INFOPLIST_KEY_UISupportedInterfaceOrientations = UIInterfaceOrientationPortrait;
				INFOPLIST_KEY_UISupportedInterfaceOrientations_iPad = "UIInterfaceOrientationPortrait UIInterfaceOrientationPortraitUpsideDown UIInterfaceOrientationLandscapeLeft UIInterfaceOrientationLandscapeRight";
				INFOPLIST_KEY_UISupportedInterfaceOrientations_iPhone = "UIInterfaceOrientationPortrait UIInterfaceOrientationLandscapeLeft UIInterfaceOrientationLandscapeRight";
				IPHONEOS_DEPLOYMENT_TARGET = 15.0;
				LD_RUNPATH_SEARCH_PATHS = (
					"$(inherited)",
					"@executable_path/Frameworks",
				);
				MARKETING_VERSION = 1.0;
				PRODUCT_BUNDLE_IDENTIFIER = nb.MovieRates;
				PRODUCT_NAME = "$(TARGET_NAME)";
				SWIFT_EMIT_LOC_STRINGS = YES;
				SWIFT_VERSION = 5.0;
				TARGETED_DEVICE_FAMILY = 1;
			};
			name = Release;
		};
/* End XCBuildConfiguration section */

/* Begin XCConfigurationList section */
		D116C8F72809ED9B00BF5B4C /* Build configuration list for PBXProject "Movie Rates" */ = {
			isa = XCConfigurationList;
			buildConfigurations = (
				D116C90E2809ED9D00BF5B4C /* Debug */,
				D116C90F2809ED9D00BF5B4C /* Release */,
			);
			defaultConfigurationIsVisible = 0;
			defaultConfigurationName = Release;
		};
		D116C9102809ED9D00BF5B4C /* Build configuration list for PBXNativeTarget "Movie Rates" */ = {
			isa = XCConfigurationList;
			buildConfigurations = (
				D116C9112809ED9D00BF5B4C /* Debug */,
				D116C9122809ED9D00BF5B4C /* Release */,
			);
			defaultConfigurationIsVisible = 0;
			defaultConfigurationName = Release;
		};
/* End XCConfigurationList section */
	};
	rootObject = D116C8F42809ED9B00BF5B4C /* Project object */;
}
